// !$*UTF8*$!
{
	archiveVersion = 1;
	classes = {
	};
	objectVersion = 48;
	objects = {

/* Begin PBXBuildFile section */
		5E3A0C412032E4A8006CFA22 /* AppDelegate.swift in Sources */ = {isa = PBXBuildFile; fileRef = 5E3A0C402032E4A8006CFA22 /* AppDelegate.swift */; };
		5E3A0C432032E4A8006CFA22 /* ViewController.swift in Sources */ = {isa = PBXBuildFile; fileRef = 5E3A0C422032E4A8006CFA22 /* ViewController.swift */; };
		5E3A0C462032E4A8006CFA22 /* Main.storyboard in Resources */ = {isa = PBXBuildFile; fileRef = 5E3A0C442032E4A8006CFA22 /* Main.storyboard */; };
		5E3A0C482032E4A8006CFA22 /* Assets.xcassets in Resources */ = {isa = PBXBuildFile; fileRef = 5E3A0C472032E4A8006CFA22 /* Assets.xcassets */; };
		5E3A0C4B2032E4A9006CFA22 /* LaunchScreen.storyboard in Resources */ = {isa = PBXBuildFile; fileRef = 5E3A0C492032E4A9006CFA22 /* LaunchScreen.storyboard */; };
		5E3A0C562032E4A9006CFA22 /* TechtagramTests.swift in Sources */ = {isa = PBXBuildFile; fileRef = 5E3A0C552032E4A9006CFA22 /* TechtagramTests.swift */; };
		5E3A0C612032E4A9006CFA22 /* TechtagramUITests.swift in Sources */ = {isa = PBXBuildFile; fileRef = 5E3A0C602032E4A9006CFA22 /* TechtagramUITests.swift */; };
		5E3A0C7B20353024006CFA22 /* WebViewController.swift in Sources */ = {isa = PBXBuildFile; fileRef = 5E3A0C7A20353024006CFA22 /* WebViewController.swift */; };
		5E3BBF90204E9A5500ECDB69 /* stamp11.png in Resources */ = {isa = PBXBuildFile; fileRef = 5E3BBF72204E9A5500ECDB69 /* stamp11.png */; };
		5E3BBF91204E9A5500ECDB69 /* stamp4.png in Resources */ = {isa = PBXBuildFile; fileRef = 5E3BBF73204E9A5500ECDB69 /* stamp4.png */; };
		5E3BBF92204E9A5500ECDB69 /* stamp5.png in Resources */ = {isa = PBXBuildFile; fileRef = 5E3BBF74204E9A5500ECDB69 /* stamp5.png */; };
		5E3BBF93204E9A5500ECDB69 /* stamp10.png in Resources */ = {isa = PBXBuildFile; fileRef = 5E3BBF75204E9A5500ECDB69 /* stamp10.png */; };
		5E3BBF94204E9A5500ECDB69 /* stamp12.png in Resources */ = {isa = PBXBuildFile; fileRef = 5E3BBF76204E9A5500ECDB69 /* stamp12.png */; };
		5E3BBF95204E9A5500ECDB69 /* stamp7.png in Resources */ = {isa = PBXBuildFile; fileRef = 5E3BBF77204E9A5500ECDB69 /* stamp7.png */; };
		5E3BBF96204E9A5500ECDB69 /* stamp6.png in Resources */ = {isa = PBXBuildFile; fileRef = 5E3BBF78204E9A5500ECDB69 /* stamp6.png */; };
		5E3BBF97204E9A5500ECDB69 /* stamp13.png in Resources */ = {isa = PBXBuildFile; fileRef = 5E3BBF79204E9A5500ECDB69 /* stamp13.png */; };
		5E3BBF98204E9A5500ECDB69 /* stamp17.png in Resources */ = {isa = PBXBuildFile; fileRef = 5E3BBF7A204E9A5500ECDB69 /* stamp17.png */; };
		5E3BBF99204E9A5500ECDB69 /* stamp2.png in Resources */ = {isa = PBXBuildFile; fileRef = 5E3BBF7B204E9A5500ECDB69 /* stamp2.png */; };
		5E3BBF9A204E9A5500ECDB69 /* stamp3.png in Resources */ = {isa = PBXBuildFile; fileRef = 5E3BBF7C204E9A5500ECDB69 /* stamp3.png */; };
		5E3BBF9B204E9A5500ECDB69 /* stamp16.png in Resources */ = {isa = PBXBuildFile; fileRef = 5E3BBF7D204E9A5500ECDB69 /* stamp16.png */; };
		5E3BBF9C204E9A5500ECDB69 /* stamp28.png in Resources */ = {isa = PBXBuildFile; fileRef = 5E3BBF7E204E9A5500ECDB69 /* stamp28.png */; };
		5E3BBF9D204E9A5500ECDB69 /* stamp14.png in Resources */ = {isa = PBXBuildFile; fileRef = 5E3BBF7F204E9A5500ECDB69 /* stamp14.png */; };
		5E3BBF9E204E9A5500ECDB69 /* stamp1.png in Resources */ = {isa = PBXBuildFile; fileRef = 5E3BBF80204E9A5500ECDB69 /* stamp1.png */; };
		5E3BBF9F204E9A5500ECDB69 /* stamp15.png in Resources */ = {isa = PBXBuildFile; fileRef = 5E3BBF81204E9A5500ECDB69 /* stamp15.png */; };
		5E3BBFA0204E9A5500ECDB69 /* stamp29.png in Resources */ = {isa = PBXBuildFile; fileRef = 5E3BBF82204E9A5500ECDB69 /* stamp29.png */; };
		5E3BBFA1204E9A5500ECDB69 /* stamp24.png in Resources */ = {isa = PBXBuildFile; fileRef = 5E3BBF83204E9A5500ECDB69 /* stamp24.png */; };
		5E3BBFA2204E9A5500ECDB69 /* stamp30.png in Resources */ = {isa = PBXBuildFile; fileRef = 5E3BBF84204E9A5500ECDB69 /* stamp30.png */; };
		5E3BBFA3204E9A5500ECDB69 /* stamp18.png in Resources */ = {isa = PBXBuildFile; fileRef = 5E3BBF85204E9A5500ECDB69 /* stamp18.png */; };
		5E3BBFA4204E9A5500ECDB69 /* stamp19.png in Resources */ = {isa = PBXBuildFile; fileRef = 5E3BBF86204E9A5500ECDB69 /* stamp19.png */; };
		5E3BBFA5204E9A5500ECDB69 /* stamp25.png in Resources */ = {isa = PBXBuildFile; fileRef = 5E3BBF87204E9A5500ECDB69 /* stamp25.png */; };
		5E3BBFA6204E9A5500ECDB69 /* stamp27.png in Resources */ = {isa = PBXBuildFile; fileRef = 5E3BBF88204E9A5500ECDB69 /* stamp27.png */; };
		5E3BBFA7204E9A5500ECDB69 /* stamp26.png in Resources */ = {isa = PBXBuildFile; fileRef = 5E3BBF89204E9A5500ECDB69 /* stamp26.png */; };
		5E3BBFA8204E9A5500ECDB69 /* stamp22.png in Resources */ = {isa = PBXBuildFile; fileRef = 5E3BBF8A204E9A5500ECDB69 /* stamp22.png */; };
		5E3BBFA9204E9A5500ECDB69 /* stamp23.png in Resources */ = {isa = PBXBuildFile; fileRef = 5E3BBF8B204E9A5500ECDB69 /* stamp23.png */; };
		5E3BBFAA204E9A5500ECDB69 /* stamp21.png in Resources */ = {isa = PBXBuildFile; fileRef = 5E3BBF8C204E9A5500ECDB69 /* stamp21.png */; };
		5E3BBFAB204E9A5500ECDB69 /* stamp8.png in Resources */ = {isa = PBXBuildFile; fileRef = 5E3BBF8D204E9A5500ECDB69 /* stamp8.png */; };
		5E3BBFAC204E9A5500ECDB69 /* stamp9.png in Resources */ = {isa = PBXBuildFile; fileRef = 5E3BBF8E204E9A5500ECDB69 /* stamp9.png */; };
		5E3BBFAD204E9A5500ECDB69 /* stamp20.png in Resources */ = {isa = PBXBuildFile; fileRef = 5E3BBF8F204E9A5500ECDB69 /* stamp20.png */; };
		5E8006BF2044051D00C1314A /* image.png in Resources */ = {isa = PBXBuildFile; fileRef = 5E8006BE2044051C00C1314A /* image.png */; };
		5EE6BA872035CA75006079DE /* good.png in Resources */ = {isa = PBXBuildFile; fileRef = 5EE6BA812035CA74006079DE /* good.png */; };
		5EE6BA882035CA75006079DE /* camera.png in Resources */ = {isa = PBXBuildFile; fileRef = 5EE6BA822035CA74006079DE /* camera.png */; };
		5EE6BA8C2035CA8F006079DE /* kirakira.png in Resources */ = {isa = PBXBuildFile; fileRef = 5EE6BA8A2035CA8E006079DE /* kirakira.png */; };
		5EE6BA8D2035CA8F006079DE /* alubm.png in Resources */ = {isa = PBXBuildFile; fileRef = 5EE6BA8B2035CA8F006079DE /* alubm.png */; };
		5EE6BA912035D216006079DE /* gomibako.png in Resources */ = {isa = PBXBuildFile; fileRef = 5EE6BA8E2035D214006079DE /* gomibako.png */; };
		5EE6BA922035D216006079DE /* pinterest.png in Resources */ = {isa = PBXBuildFile; fileRef = 5EE6BA8F2035D215006079DE /* pinterest.png */; };
		5EE6BA932035D216006079DE /* save.png in Resources */ = {isa = PBXBuildFile; fileRef = 5EE6BA902035D215006079DE /* save.png */; };
/* End PBXBuildFile section */

/* Begin PBXContainerItemProxy section */
		5E3A0C522032E4A9006CFA22 /* PBXContainerItemProxy */ = {
			isa = PBXContainerItemProxy;
			containerPortal = 5E3A0C352032E4A8006CFA22 /* Project object */;
			proxyType = 1;
			remoteGlobalIDString = 5E3A0C3C2032E4A8006CFA22;
			remoteInfo = Techtagram;
		};
		5E3A0C5D2032E4A9006CFA22 /* PBXContainerItemProxy */ = {
			isa = PBXContainerItemProxy;
			containerPortal = 5E3A0C352032E4A8006CFA22 /* Project object */;
			proxyType = 1;
			remoteGlobalIDString = 5E3A0C3C2032E4A8006CFA22;
			remoteInfo = Techtagram;
		};
/* End PBXContainerItemProxy section */

/* Begin PBXFileReference section */
		5E3A0C3D2032E4A8006CFA22 /* Techtagram.app */ = {isa = PBXFileReference; explicitFileType = wrapper.application; includeInIndex = 0; path = Techtagram.app; sourceTree = BUILT_PRODUCTS_DIR; };
		5E3A0C402032E4A8006CFA22 /* AppDelegate.swift */ = {isa = PBXFileReference; lastKnownFileType = sourcecode.swift; path = AppDelegate.swift; sourceTree = "<group>"; };
		5E3A0C422032E4A8006CFA22 /* ViewController.swift */ = {isa = PBXFileReference; lastKnownFileType = sourcecode.swift; path = ViewController.swift; sourceTree = "<group>"; };
		5E3A0C452032E4A8006CFA22 /* Base */ = {isa = PBXFileReference; lastKnownFileType = file.storyboard; name = Base; path = Base.lproj/Main.storyboard; sourceTree = "<group>"; };
		5E3A0C472032E4A8006CFA22 /* Assets.xcassets */ = {isa = PBXFileReference; lastKnownFileType = folder.assetcatalog; path = Assets.xcassets; sourceTree = "<group>"; };
		5E3A0C4A2032E4A9006CFA22 /* Base */ = {isa = PBXFileReference; lastKnownFileType = file.storyboard; name = Base; path = Base.lproj/LaunchScreen.storyboard; sourceTree = "<group>"; };
		5E3A0C4C2032E4A9006CFA22 /* Info.plist */ = {isa = PBXFileReference; lastKnownFileType = text.plist.xml; path = Info.plist; sourceTree = "<group>"; };
		5E3A0C512032E4A9006CFA22 /* TechtagramTests.xctest */ = {isa = PBXFileReference; explicitFileType = wrapper.cfbundle; includeInIndex = 0; path = TechtagramTests.xctest; sourceTree = BUILT_PRODUCTS_DIR; };
		5E3A0C552032E4A9006CFA22 /* TechtagramTests.swift */ = {isa = PBXFileReference; lastKnownFileType = sourcecode.swift; path = TechtagramTests.swift; sourceTree = "<group>"; };
		5E3A0C572032E4A9006CFA22 /* Info.plist */ = {isa = PBXFileReference; lastKnownFileType = text.plist.xml; path = Info.plist; sourceTree = "<group>"; };
		5E3A0C5C2032E4A9006CFA22 /* TechtagramUITests.xctest */ = {isa = PBXFileReference; explicitFileType = wrapper.cfbundle; includeInIndex = 0; path = TechtagramUITests.xctest; sourceTree = BUILT_PRODUCTS_DIR; };
		5E3A0C602032E4A9006CFA22 /* TechtagramUITests.swift */ = {isa = PBXFileReference; lastKnownFileType = sourcecode.swift; path = TechtagramUITests.swift; sourceTree = "<group>"; };
		5E3A0C622032E4A9006CFA22 /* Info.plist */ = {isa = PBXFileReference; lastKnownFileType = text.plist.xml; path = Info.plist; sourceTree = "<group>"; };
		5E3A0C7A20353024006CFA22 /* WebViewController.swift */ = {isa = PBXFileReference; lastKnownFileType = sourcecode.swift; path = WebViewController.swift; sourceTree = "<group>"; };
		5E3BBF72204E9A5500ECDB69 /* stamp11.png */ = {isa = PBXFileReference; lastKnownFileType = image.png; path = stamp11.png; sourceTree = "<group>"; };
		5E3BBF73204E9A5500ECDB69 /* stamp4.png */ = {isa = PBXFileReference; lastKnownFileType = image.png; path = stamp4.png; sourceTree = "<group>"; };
		5E3BBF74204E9A5500ECDB69 /* stamp5.png */ = {isa = PBXFileReference; lastKnownFileType = image.png; path = stamp5.png; sourceTree = "<group>"; };
		5E3BBF75204E9A5500ECDB69 /* stamp10.png */ = {isa = PBXFileReference; lastKnownFileType = image.png; path = stamp10.png; sourceTree = "<group>"; };
		5E3BBF76204E9A5500ECDB69 /* stamp12.png */ = {isa = PBXFileReference; lastKnownFileType = image.png; path = stamp12.png; sourceTree = "<group>"; };
		5E3BBF77204E9A5500ECDB69 /* stamp7.png */ = {isa = PBXFileReference; lastKnownFileType = image.png; path = stamp7.png; sourceTree = "<group>"; };
		5E3BBF78204E9A5500ECDB69 /* stamp6.png */ = {isa = PBXFileReference; lastKnownFileType = image.png; path = stamp6.png; sourceTree = "<group>"; };
		5E3BBF79204E9A5500ECDB69 /* stamp13.png */ = {isa = PBXFileReference; lastKnownFileType = image.png; path = stamp13.png; sourceTree = "<group>"; };
		5E3BBF7A204E9A5500ECDB69 /* stamp17.png */ = {isa = PBXFileReference; lastKnownFileType = image.png; path = stamp17.png; sourceTree = "<group>"; };
		5E3BBF7B204E9A5500ECDB69 /* stamp2.png */ = {isa = PBXFileReference; lastKnownFileType = image.png; path = stamp2.png; sourceTree = "<group>"; };
		5E3BBF7C204E9A5500ECDB69 /* stamp3.png */ = {isa = PBXFileReference; lastKnownFileType = image.png; path = stamp3.png; sourceTree = "<group>"; };
		5E3BBF7D204E9A5500ECDB69 /* stamp16.png */ = {isa = PBXFileReference; lastKnownFileType = image.png; path = stamp16.png; sourceTree = "<group>"; };
		5E3BBF7E204E9A5500ECDB69 /* stamp28.png */ = {isa = PBXFileReference; lastKnownFileType = image.png; path = stamp28.png; sourceTree = "<group>"; };
		5E3BBF7F204E9A5500ECDB69 /* stamp14.png */ = {isa = PBXFileReference; lastKnownFileType = image.png; path = stamp14.png; sourceTree = "<group>"; };
		5E3BBF80204E9A5500ECDB69 /* stamp1.png */ = {isa = PBXFileReference; lastKnownFileType = image.png; path = stamp1.png; sourceTree = "<group>"; };
		5E3BBF81204E9A5500ECDB69 /* stamp15.png */ = {isa = PBXFileReference; lastKnownFileType = image.png; path = stamp15.png; sourceTree = "<group>"; };
		5E3BBF82204E9A5500ECDB69 /* stamp29.png */ = {isa = PBXFileReference; lastKnownFileType = image.png; path = stamp29.png; sourceTree = "<group>"; };
		5E3BBF83204E9A5500ECDB69 /* stamp24.png */ = {isa = PBXFileReference; lastKnownFileType = image.png; path = stamp24.png; sourceTree = "<group>"; };
		5E3BBF84204E9A5500ECDB69 /* stamp30.png */ = {isa = PBXFileReference; lastKnownFileType = image.png; path = stamp30.png; sourceTree = "<group>"; };
		5E3BBF85204E9A5500ECDB69 /* stamp18.png */ = {isa = PBXFileReference; lastKnownFileType = image.png; path = stamp18.png; sourceTree = "<group>"; };
		5E3BBF86204E9A5500ECDB69 /* stamp19.png */ = {isa = PBXFileReference; lastKnownFileType = image.png; path = stamp19.png; sourceTree = "<group>"; };
		5E3BBF87204E9A5500ECDB69 /* stamp25.png */ = {isa = PBXFileReference; lastKnownFileType = image.png; path = stamp25.png; sourceTree = "<group>"; };
		5E3BBF88204E9A5500ECDB69 /* stamp27.png */ = {isa = PBXFileReference; lastKnownFileType = image.png; path = stamp27.png; sourceTree = "<group>"; };
		5E3BBF89204E9A5500ECDB69 /* stamp26.png */ = {isa = PBXFileReference; lastKnownFileType = image.png; path = stamp26.png; sourceTree = "<group>"; };
		5E3BBF8A204E9A5500ECDB69 /* stamp22.png */ = {isa = PBXFileReference; lastKnownFileType = image.png; path = stamp22.png; sourceTree = "<group>"; };
		5E3BBF8B204E9A5500ECDB69 /* stamp23.png */ = {isa = PBXFileReference; lastKnownFileType = image.png; path = stamp23.png; sourceTree = "<group>"; };
		5E3BBF8C204E9A5500ECDB69 /* stamp21.png */ = {isa = PBXFileReference; lastKnownFileType = image.png; path = stamp21.png; sourceTree = "<group>"; };
		5E3BBF8D204E9A5500ECDB69 /* stamp8.png */ = {isa = PBXFileReference; lastKnownFileType = image.png; path = stamp8.png; sourceTree = "<group>"; };
		5E3BBF8E204E9A5500ECDB69 /* stamp9.png */ = {isa = PBXFileReference; lastKnownFileType = image.png; path = stamp9.png; sourceTree = "<group>"; };
		5E3BBF8F204E9A5500ECDB69 /* stamp20.png */ = {isa = PBXFileReference; lastKnownFileType = image.png; path = stamp20.png; sourceTree = "<group>"; };
		5E8006BE2044051C00C1314A /* image.png */ = {isa = PBXFileReference; lastKnownFileType = image.png; path = image.png; sourceTree = "<group>"; };
		5EE6BA812035CA74006079DE /* good.png */ = {isa = PBXFileReference; lastKnownFileType = image.png; path = good.png; sourceTree = "<group>"; };
		5EE6BA822035CA74006079DE /* camera.png */ = {isa = PBXFileReference; lastKnownFileType = image.png; path = camera.png; sourceTree = "<group>"; };
		5EE6BA8A2035CA8E006079DE /* kirakira.png */ = {isa = PBXFileReference; lastKnownFileType = image.png; path = kirakira.png; sourceTree = "<group>"; };
		5EE6BA8B2035CA8F006079DE /* alubm.png */ = {isa = PBXFileReference; lastKnownFileType = image.png; path = alubm.png; sourceTree = "<group>"; };
		5EE6BA8E2035D214006079DE /* gomibako.png */ = {isa = PBXFileReference; lastKnownFileType = image.png; path = gomibako.png; sourceTree = "<group>"; };
		5EE6BA8F2035D215006079DE /* pinterest.png */ = {isa = PBXFileReference; lastKnownFileType = image.png; path = pinterest.png; sourceTree = "<group>"; };
		5EE6BA902035D215006079DE /* save.png */ = {isa = PBXFileReference; lastKnownFileType = image.png; path = save.png; sourceTree = "<group>"; };
/* End PBXFileReference section */

/* Begin PBXFrameworksBuildPhase section */
		5E3A0C3A2032E4A8006CFA22 /* Frameworks */ = {
			isa = PBXFrameworksBuildPhase;
			buildActionMask = 2147483647;
			files = (
			);
			runOnlyForDeploymentPostprocessing = 0;
		};
		5E3A0C4E2032E4A9006CFA22 /* Frameworks */ = {
			isa = PBXFrameworksBuildPhase;
			buildActionMask = 2147483647;
			files = (
			);
			runOnlyForDeploymentPostprocessing = 0;
		};
		5E3A0C592032E4A9006CFA22 /* Frameworks */ = {
			isa = PBXFrameworksBuildPhase;
			buildActionMask = 2147483647;
			files = (
			);
			runOnlyForDeploymentPostprocessing = 0;
		};
/* End PBXFrameworksBuildPhase section */

/* Begin PBXGroup section */
		5E3A0C342032E4A8006CFA22 = {
			isa = PBXGroup;
			children = (
				5E3A0C3F2032E4A8006CFA22 /* Techtagram */,
				5E3A0C542032E4A9006CFA22 /* TechtagramTests */,
				5E3A0C5F2032E4A9006CFA22 /* TechtagramUITests */,
				5E3A0C3E2032E4A8006CFA22 /* Products */,
			);
			sourceTree = "<group>";
		};
		5E3A0C3E2032E4A8006CFA22 /* Products */ = {
			isa = PBXGroup;
			children = (
				5E3A0C3D2032E4A8006CFA22 /* Techtagram.app */,
				5E3A0C512032E4A9006CFA22 /* TechtagramTests.xctest */,
				5E3A0C5C2032E4A9006CFA22 /* TechtagramUITests.xctest */,
			);
			name = Products;
			sourceTree = "<group>";
		};
		5E3A0C3F2032E4A8006CFA22 /* Techtagram */ = {
			isa = PBXGroup;
			children = (
				5E8006BE2044051C00C1314A /* image.png */,
				5EE6BA9620386AEB006079DE /* 素材 */,
				5E3A0C402032E4A8006CFA22 /* AppDelegate.swift */,
				5E3A0C422032E4A8006CFA22 /* ViewController.swift */,
				5E3A0C7A20353024006CFA22 /* WebViewController.swift */,
				5E3A0C442032E4A8006CFA22 /* Main.storyboard */,
				5E3A0C472032E4A8006CFA22 /* Assets.xcassets */,
				5E3A0C492032E4A9006CFA22 /* LaunchScreen.storyboard */,
				5E3A0C4C2032E4A9006CFA22 /* Info.plist */,
			);
			path = Techtagram;
			sourceTree = "<group>";
		};
		5E3A0C542032E4A9006CFA22 /* TechtagramTests */ = {
			isa = PBXGroup;
			children = (
				5E3A0C552032E4A9006CFA22 /* TechtagramTests.swift */,
				5E3A0C572032E4A9006CFA22 /* Info.plist */,
			);
			path = TechtagramTests;
			sourceTree = "<group>";
		};
		5E3A0C5F2032E4A9006CFA22 /* TechtagramUITests */ = {
			isa = PBXGroup;
			children = (
				5E3A0C602032E4A9006CFA22 /* TechtagramUITests.swift */,
				5E3A0C622032E4A9006CFA22 /* Info.plist */,
			);
			path = TechtagramUITests;
			sourceTree = "<group>";
		};
		5E3BBF71204E9A5500ECDB69 /* sozai */ = {
			isa = PBXGroup;
			children = (
				5E3BBF72204E9A5500ECDB69 /* stamp11.png */,
				5E3BBF73204E9A5500ECDB69 /* stamp4.png */,
				5E3BBF74204E9A5500ECDB69 /* stamp5.png */,
				5E3BBF75204E9A5500ECDB69 /* stamp10.png */,
				5E3BBF76204E9A5500ECDB69 /* stamp12.png */,
				5E3BBF77204E9A5500ECDB69 /* stamp7.png */,
				5E3BBF78204E9A5500ECDB69 /* stamp6.png */,
				5E3BBF79204E9A5500ECDB69 /* stamp13.png */,
				5E3BBF7A204E9A5500ECDB69 /* stamp17.png */,
				5E3BBF7B204E9A5500ECDB69 /* stamp2.png */,
				5E3BBF7C204E9A5500ECDB69 /* stamp3.png */,
				5E3BBF7D204E9A5500ECDB69 /* stamp16.png */,
				5E3BBF7E204E9A5500ECDB69 /* stamp28.png */,
				5E3BBF7F204E9A5500ECDB69 /* stamp14.png */,
				5E3BBF80204E9A5500ECDB69 /* stamp1.png */,
				5E3BBF81204E9A5500ECDB69 /* stamp15.png */,
				5E3BBF82204E9A5500ECDB69 /* stamp29.png */,
				5E3BBF83204E9A5500ECDB69 /* stamp24.png */,
				5E3BBF84204E9A5500ECDB69 /* stamp30.png */,
				5E3BBF85204E9A5500ECDB69 /* stamp18.png */,
				5E3BBF86204E9A5500ECDB69 /* stamp19.png */,
				5E3BBF87204E9A5500ECDB69 /* stamp25.png */,
				5E3BBF88204E9A5500ECDB69 /* stamp27.png */,
				5E3BBF89204E9A5500ECDB69 /* stamp26.png */,
				5E3BBF8A204E9A5500ECDB69 /* stamp22.png */,
				5E3BBF8B204E9A5500ECDB69 /* stamp23.png */,
				5E3BBF8C204E9A5500ECDB69 /* stamp21.png */,
				5E3BBF8D204E9A5500ECDB69 /* stamp8.png */,
				5E3BBF8E204E9A5500ECDB69 /* stamp9.png */,
				5E3BBF8F204E9A5500ECDB69 /* stamp20.png */,
			);
			path = sozai;
			sourceTree = SOURCE_ROOT;
		};
		5EE6BA9620386AEB006079DE /* 素材 */ = {
			isa = PBXGroup;
			children = (
				5E3BBF71204E9A5500ECDB69 /* sozai */,
				5EE6BA8E2035D214006079DE /* gomibako.png */,
				5EE6BA902035D215006079DE /* save.png */,
				5EE6BA8B2035CA8F006079DE /* alubm.png */,
				5EE6BA8A2035CA8E006079DE /* kirakira.png */,
				5EE6BA812035CA74006079DE /* good.png */,
				5EE6BA822035CA74006079DE /* camera.png */,
				5EE6BA8F2035D215006079DE /* pinterest.png */,
			);
			path = "素材";
			sourceTree = "<group>";
		};
/* End PBXGroup section */

/* Begin PBXNativeTarget section */
		5E3A0C3C2032E4A8006CFA22 /* Techtagram */ = {
			isa = PBXNativeTarget;
			buildConfigurationList = 5E3A0C652032E4A9006CFA22 /* Build configuration list for PBXNativeTarget "Techtagram" */;
			buildPhases = (
				5E3A0C392032E4A8006CFA22 /* Sources */,
				5E3A0C3A2032E4A8006CFA22 /* Frameworks */,
				5E3A0C3B2032E4A8006CFA22 /* Resources */,
			);
			buildRules = (
			);
			dependencies = (
			);
			name = Techtagram;
			productName = Techtagram;
			productReference = 5E3A0C3D2032E4A8006CFA22 /* Techtagram.app */;
			productType = "com.apple.product-type.application";
		};
		5E3A0C502032E4A9006CFA22 /* TechtagramTests */ = {
			isa = PBXNativeTarget;
			buildConfigurationList = 5E3A0C682032E4A9006CFA22 /* Build configuration list for PBXNativeTarget "TechtagramTests" */;
			buildPhases = (
				5E3A0C4D2032E4A9006CFA22 /* Sources */,
				5E3A0C4E2032E4A9006CFA22 /* Frameworks */,
				5E3A0C4F2032E4A9006CFA22 /* Resources */,
			);
			buildRules = (
			);
			dependencies = (
				5E3A0C532032E4A9006CFA22 /* PBXTargetDependency */,
			);
			name = TechtagramTests;
			productName = TechtagramTests;
			productReference = 5E3A0C512032E4A9006CFA22 /* TechtagramTests.xctest */;
			productType = "com.apple.product-type.bundle.unit-test";
		};
		5E3A0C5B2032E4A9006CFA22 /* TechtagramUITests */ = {
			isa = PBXNativeTarget;
			buildConfigurationList = 5E3A0C6B2032E4A9006CFA22 /* Build configuration list for PBXNativeTarget "TechtagramUITests" */;
			buildPhases = (
				5E3A0C582032E4A9006CFA22 /* Sources */,
				5E3A0C592032E4A9006CFA22 /* Frameworks */,
				5E3A0C5A2032E4A9006CFA22 /* Resources */,
			);
			buildRules = (
			);
			dependencies = (
				5E3A0C5E2032E4A9006CFA22 /* PBXTargetDependency */,
			);
			name = TechtagramUITests;
			productName = TechtagramUITests;
			productReference = 5E3A0C5C2032E4A9006CFA22 /* TechtagramUITests.xctest */;
			productType = "com.apple.product-type.bundle.ui-testing";
		};
/* End PBXNativeTarget section */

/* Begin PBXProject section */
		5E3A0C352032E4A8006CFA22 /* Project object */ = {
			isa = PBXProject;
			attributes = {
				LastSwiftUpdateCheck = 0920;
				LastUpgradeCheck = 0920;
				ORGANIZATIONNAME = "小西夏穂";
				TargetAttributes = {
					5E3A0C3C2032E4A8006CFA22 = {
						CreatedOnToolsVersion = 9.2;
						ProvisioningStyle = Automatic;
					};
					5E3A0C502032E4A9006CFA22 = {
						CreatedOnToolsVersion = 9.2;
						ProvisioningStyle = Automatic;
						TestTargetID = 5E3A0C3C2032E4A8006CFA22;
					};
					5E3A0C5B2032E4A9006CFA22 = {
						CreatedOnToolsVersion = 9.2;
						ProvisioningStyle = Automatic;
						TestTargetID = 5E3A0C3C2032E4A8006CFA22;
					};
				};
			};
			buildConfigurationList = 5E3A0C382032E4A8006CFA22 /* Build configuration list for PBXProject "Techtagram" */;
			compatibilityVersion = "Xcode 8.0";
			developmentRegion = en;
			hasScannedForEncodings = 0;
			knownRegions = (
				en,
				Base,
			);
			mainGroup = 5E3A0C342032E4A8006CFA22;
			productRefGroup = 5E3A0C3E2032E4A8006CFA22 /* Products */;
			projectDirPath = "";
			projectRoot = "";
			targets = (
				5E3A0C3C2032E4A8006CFA22 /* Techtagram */,
				5E3A0C502032E4A9006CFA22 /* TechtagramTests */,
				5E3A0C5B2032E4A9006CFA22 /* TechtagramUITests */,
			);
		};
/* End PBXProject section */

/* Begin PBXResourcesBuildPhase section */
		5E3A0C3B2032E4A8006CFA22 /* Resources */ = {
			isa = PBXResourcesBuildPhase;
			buildActionMask = 2147483647;
			files = (
				5EE6BA8C2035CA8F006079DE /* kirakira.png in Resources */,
				5E3BBF95204E9A5500ECDB69 /* stamp7.png in Resources */,
				5EE6BA912035D216006079DE /* gomibako.png in Resources */,
				5E3BBFA3204E9A5500ECDB69 /* stamp18.png in Resources */,
				5E3BBF9E204E9A5500ECDB69 /* stamp1.png in Resources */,
				5E3A0C4B2032E4A9006CFA22 /* LaunchScreen.storyboard in Resources */,
				5E3BBF93204E9A5500ECDB69 /* stamp10.png in Resources */,
				5E3BBFA1204E9A5500ECDB69 /* stamp24.png in Resources */,
				5EE6BA882035CA75006079DE /* camera.png in Resources */,
				5E3BBFA5204E9A5500ECDB69 /* stamp25.png in Resources */,
				5EE6BA872035CA75006079DE /* good.png in Resources */,
				5E3BBF9A204E9A5500ECDB69 /* stamp3.png in Resources */,
				5E3BBF94204E9A5500ECDB69 /* stamp12.png in Resources */,
				5E3BBFA0204E9A5500ECDB69 /* stamp29.png in Resources */,
				5E3BBFA4204E9A5500ECDB69 /* stamp19.png in Resources */,
				5E3BBFA7204E9A5500ECDB69 /* stamp26.png in Resources */,
				5E3A0C482032E4A8006CFA22 /* Assets.xcassets in Resources */,
				5E3BBFA6204E9A5500ECDB69 /* stamp27.png in Resources */,
				5E3BBFAA204E9A5500ECDB69 /* stamp21.png in Resources */,
				5E3BBFAC204E9A5500ECDB69 /* stamp9.png in Resources */,
				5E3BBF9B204E9A5500ECDB69 /* stamp16.png in Resources */,
				5EE6BA8D2035CA8F006079DE /* alubm.png in Resources */,
				5E3BBFAD204E9A5500ECDB69 /* stamp20.png in Resources */,
				5E3BBF97204E9A5500ECDB69 /* stamp13.png in Resources */,
				5E3BBF98204E9A5500ECDB69 /* stamp17.png in Resources */,
				5E3BBF9D204E9A5500ECDB69 /* stamp14.png in Resources */,
				5E3BBF96204E9A5500ECDB69 /* stamp6.png in Resources */,
				5EE6BA932035D216006079DE /* save.png in Resources */,
				5E3BBFAB204E9A5500ECDB69 /* stamp8.png in Resources */,
				5E3BBF99204E9A5500ECDB69 /* stamp2.png in Resources */,
				5E3BBFA9204E9A5500ECDB69 /* stamp23.png in Resources */,
				5EE6BA922035D216006079DE /* pinterest.png in Resources */,
				5E3BBFA8204E9A5500ECDB69 /* stamp22.png in Resources */,
				5E3BBF90204E9A5500ECDB69 /* stamp11.png in Resources */,
				5E3A0C462032E4A8006CFA22 /* Main.storyboard in Resources */,
				5E3BBFA2204E9A5500ECDB69 /* stamp30.png in Resources */,
				5E3BBF92204E9A5500ECDB69 /* stamp5.png in Resources */,
				5E3BBF9C204E9A5500ECDB69 /* stamp28.png in Resources */,
				5E3BBF9F204E9A5500ECDB69 /* stamp15.png in Resources */,
				5E3BBF91204E9A5500ECDB69 /* stamp4.png in Resources */,
				5E8006BF2044051D00C1314A /* image.png in Resources */,
			);
			runOnlyForDeploymentPostprocessing = 0;
		};
		5E3A0C4F2032E4A9006CFA22 /* Resources */ = {
			isa = PBXResourcesBuildPhase;
			buildActionMask = 2147483647;
			files = (
			);
			runOnlyForDeploymentPostprocessing = 0;
		};
		5E3A0C5A2032E4A9006CFA22 /* Resources */ = {
			isa = PBXResourcesBuildPhase;
			buildActionMask = 2147483647;
			files = (
			);
			runOnlyForDeploymentPostprocessing = 0;
		};
/* End PBXResourcesBuildPhase section */

/* Begin PBXSourcesBuildPhase section */
		5E3A0C392032E4A8006CFA22 /* Sources */ = {
			isa = PBXSourcesBuildPhase;
			buildActionMask = 2147483647;
			files = (
				5E3A0C432032E4A8006CFA22 /* ViewController.swift in Sources */,
				5E3A0C7B20353024006CFA22 /* WebViewController.swift in Sources */,
				5E3A0C412032E4A8006CFA22 /* AppDelegate.swift in Sources */,
			);
			runOnlyForDeploymentPostprocessing = 0;
		};
		5E3A0C4D2032E4A9006CFA22 /* Sources */ = {
			isa = PBXSourcesBuildPhase;
			buildActionMask = 2147483647;
			files = (
				5E3A0C562032E4A9006CFA22 /* TechtagramTests.swift in Sources */,
			);
			runOnlyForDeploymentPostprocessing = 0;
		};
		5E3A0C582032E4A9006CFA22 /* Sources */ = {
			isa = PBXSourcesBuildPhase;
			buildActionMask = 2147483647;
			files = (
				5E3A0C612032E4A9006CFA22 /* TechtagramUITests.swift in Sources */,
			);
			runOnlyForDeploymentPostprocessing = 0;
		};
/* End PBXSourcesBuildPhase section */

/* Begin PBXTargetDependency section */
		5E3A0C532032E4A9006CFA22 /* PBXTargetDependency */ = {
			isa = PBXTargetDependency;
			target = 5E3A0C3C2032E4A8006CFA22 /* Techtagram */;
			targetProxy = 5E3A0C522032E4A9006CFA22 /* PBXContainerItemProxy */;
		};
		5E3A0C5E2032E4A9006CFA22 /* PBXTargetDependency */ = {
			isa = PBXTargetDependency;
			target = 5E3A0C3C2032E4A8006CFA22 /* Techtagram */;
			targetProxy = 5E3A0C5D2032E4A9006CFA22 /* PBXContainerItemProxy */;
		};
/* End PBXTargetDependency section */

/* Begin PBXVariantGroup section */
		5E3A0C442032E4A8006CFA22 /* Main.storyboard */ = {
			isa = PBXVariantGroup;
			children = (
				5E3A0C452032E4A8006CFA22 /* Base */,
			);
			name = Main.storyboard;
			sourceTree = "<group>";
		};
		5E3A0C492032E4A9006CFA22 /* LaunchScreen.storyboard */ = {
			isa = PBXVariantGroup;
			children = (
				5E3A0C4A2032E4A9006CFA22 /* Base */,
			);
			name = LaunchScreen.storyboard;
			sourceTree = "<group>";
		};
/* End PBXVariantGroup section */

/* Begin XCBuildConfiguration section */
		5E3A0C632032E4A9006CFA22 /* Debug */ = {
			isa = XCBuildConfiguration;
			buildSettings = {
				ALWAYS_SEARCH_USER_PATHS = NO;
				CLANG_ANALYZER_NONNULL = YES;
				CLANG_ANALYZER_NUMBER_OBJECT_CONVERSION = YES_AGGRESSIVE;
				CLANG_CXX_LANGUAGE_STANDARD = "gnu++14";
				CLANG_CXX_LIBRARY = "libc++";
				CLANG_ENABLE_MODULES = YES;
				CLANG_ENABLE_OBJC_ARC = YES;
				CLANG_WARN_BLOCK_CAPTURE_AUTORELEASING = YES;
				CLANG_WARN_BOOL_CONVERSION = YES;
				CLANG_WARN_COMMA = YES;
				CLANG_WARN_CONSTANT_CONVERSION = YES;
				CLANG_WARN_DIRECT_OBJC_ISA_USAGE = YES_ERROR;
				CLANG_WARN_DOCUMENTATION_COMMENTS = YES;
				CLANG_WARN_EMPTY_BODY = YES;
				CLANG_WARN_ENUM_CONVERSION = YES;
				CLANG_WARN_INFINITE_RECURSION = YES;
				CLANG_WARN_INT_CONVERSION = YES;
				CLANG_WARN_NON_LITERAL_NULL_CONVERSION = YES;
				CLANG_WARN_OBJC_LITERAL_CONVERSION = YES;
				CLANG_WARN_OBJC_ROOT_CLASS = YES_ERROR;
				CLANG_WARN_RANGE_LOOP_ANALYSIS = YES;
				CLANG_WARN_STRICT_PROTOTYPES = YES;
				CLANG_WARN_SUSPICIOUS_MOVE = YES;
				CLANG_WARN_UNGUARDED_AVAILABILITY = YES_AGGRESSIVE;
				CLANG_WARN_UNREACHABLE_CODE = YES;
				CLANG_WARN__DUPLICATE_METHOD_MATCH = YES;
				CODE_SIGN_IDENTITY = "iPhone Developer";
				COPY_PHASE_STRIP = NO;
				DEBUG_INFORMATION_FORMAT = dwarf;
				ENABLE_STRICT_OBJC_MSGSEND = YES;
				ENABLE_TESTABILITY = YES;
				GCC_C_LANGUAGE_STANDARD = gnu11;
				GCC_DYNAMIC_NO_PIC = NO;
				GCC_NO_COMMON_BLOCKS = YES;
				GCC_OPTIMIZATION_LEVEL = 0;
				GCC_PREPROCESSOR_DEFINITIONS = (
					"DEBUG=1",
					"$(inherited)",
				);
				GCC_WARN_64_TO_32_BIT_CONVERSION = YES;
				GCC_WARN_ABOUT_RETURN_TYPE = YES_ERROR;
				GCC_WARN_UNDECLARED_SELECTOR = YES;
				GCC_WARN_UNINITIALIZED_AUTOS = YES_AGGRESSIVE;
				GCC_WARN_UNUSED_FUNCTION = YES;
				GCC_WARN_UNUSED_VARIABLE = YES;
				IPHONEOS_DEPLOYMENT_TARGET = 11.2;
				MTL_ENABLE_DEBUG_INFO = YES;
				ONLY_ACTIVE_ARCH = YES;
				SDKROOT = iphoneos;
				SWIFT_ACTIVE_COMPILATION_CONDITIONS = DEBUG;
				SWIFT_OPTIMIZATION_LEVEL = "-Onone";
			};
			name = Debug;
		};
		5E3A0C642032E4A9006CFA22 /* Release */ = {
			isa = XCBuildConfiguration;
			buildSettings = {
				ALWAYS_SEARCH_USER_PATHS = NO;
				CLANG_ANALYZER_NONNULL = YES;
				CLANG_ANALYZER_NUMBER_OBJECT_CONVERSION = YES_AGGRESSIVE;
				CLANG_CXX_LANGUAGE_STANDARD = "gnu++14";
				CLANG_CXX_LIBRARY = "libc++";
				CLANG_ENABLE_MODULES = YES;
				CLANG_ENABLE_OBJC_ARC = YES;
				CLANG_WARN_BLOCK_CAPTURE_AUTORELEASING = YES;
				CLANG_WARN_BOOL_CONVERSION = YES;
				CLANG_WARN_COMMA = YES;
				CLANG_WARN_CONSTANT_CONVERSION = YES;
				CLANG_WARN_DIRECT_OBJC_ISA_USAGE = YES_ERROR;
				CLANG_WARN_DOCUMENTATION_COMMENTS = YES;
				CLANG_WARN_EMPTY_BODY = YES;
				CLANG_WARN_ENUM_CONVERSION = YES;
				CLANG_WARN_INFINITE_RECURSION = YES;
				CLANG_WARN_INT_CONVERSION = YES;
				CLANG_WARN_NON_LITERAL_NULL_CONVERSION = YES;
				CLANG_WARN_OBJC_LITERAL_CONVERSION = YES;
				CLANG_WARN_OBJC_ROOT_CLASS = YES_ERROR;
				CLANG_WARN_RANGE_LOOP_ANALYSIS = YES;
				CLANG_WARN_STRICT_PROTOTYPES = YES;
				CLANG_WARN_SUSPICIOUS_MOVE = YES;
				CLANG_WARN_UNGUARDED_AVAILABILITY = YES_AGGRESSIVE;
				CLANG_WARN_UNREACHABLE_CODE = YES;
				CLANG_WARN__DUPLICATE_METHOD_MATCH = YES;
				CODE_SIGN_IDENTITY = "iPhone Developer";
				COPY_PHASE_STRIP = NO;
				DEBUG_INFORMATION_FORMAT = "dwarf-with-dsym";
				ENABLE_NS_ASSERTIONS = NO;
				ENABLE_STRICT_OBJC_MSGSEND = YES;
				GCC_C_LANGUAGE_STANDARD = gnu11;
				GCC_NO_COMMON_BLOCKS = YES;
				GCC_WARN_64_TO_32_BIT_CONVERSION = YES;
				GCC_WARN_ABOUT_RETURN_TYPE = YES_ERROR;
				GCC_WARN_UNDECLARED_SELECTOR = YES;
				GCC_WARN_UNINITIALIZED_AUTOS = YES_AGGRESSIVE;
				GCC_WARN_UNUSED_FUNCTION = YES;
				GCC_WARN_UNUSED_VARIABLE = YES;
				IPHONEOS_DEPLOYMENT_TARGET = 11.2;
				MTL_ENABLE_DEBUG_INFO = NO;
				SDKROOT = iphoneos;
				SWIFT_OPTIMIZATION_LEVEL = "-Owholemodule";
				VALIDATE_PRODUCT = YES;
			};
			name = Release;
		};
		5E3A0C662032E4A9006CFA22 /* Debug */ = {
			isa = XCBuildConfiguration;
			buildSettings = {
				ASSETCATALOG_COMPILER_APPICON_NAME = AppIcon;
				CODE_SIGN_STYLE = Automatic;
				DEVELOPMENT_TEAM = E6CY4VNDT2;
				INFOPLIST_FILE = Techtagram/Info.plist;
				LD_RUNPATH_SEARCH_PATHS = "$(inherited) @executable_path/Frameworks";
				PRODUCT_BUNDLE_IDENTIFIER = k.t.07242.litech.Techtagram;
				PRODUCT_NAME = "$(TARGET_NAME)";
				SWIFT_VERSION = 4.0;
				TARGETED_DEVICE_FAMILY = "1,2";
			};
			name = Debug;
		};
		5E3A0C672032E4A9006CFA22 /* Release */ = {
			isa = XCBuildConfiguration;
			buildSettings = {
				ASSETCATALOG_COMPILER_APPICON_NAME = AppIcon;
				CODE_SIGN_STYLE = Automatic;
				DEVELOPMENT_TEAM = E6CY4VNDT2;
				INFOPLIST_FILE = Techtagram/Info.plist;
				LD_RUNPATH_SEARCH_PATHS = "$(inherited) @executable_path/Frameworks";
				PRODUCT_BUNDLE_IDENTIFIER = k.t.07242.litech.Techtagram;
				PRODUCT_NAME = "$(TARGET_NAME)";
				SWIFT_VERSION = 4.0;
				TARGETED_DEVICE_FAMILY = "1,2";
			};
			name = Release;
		};
		5E3A0C692032E4A9006CFA22 /* Debug */ = {
			isa = XCBuildConfiguration;
			buildSettings = {
				ALWAYS_EMBED_SWIFT_STANDARD_LIBRARIES = YES;
				BUNDLE_LOADER = "$(TEST_HOST)";
				CODE_SIGN_STYLE = Automatic;
				INFOPLIST_FILE = TechtagramTests/Info.plist;
				LD_RUNPATH_SEARCH_PATHS = "$(inherited) @executable_path/Frameworks @loader_path/Frameworks";
				PRODUCT_BUNDLE_IDENTIFIER = com.litech.TechtagramTests;
				PRODUCT_NAME = "$(TARGET_NAME)";
				SWIFT_VERSION = 4.0;
				TARGETED_DEVICE_FAMILY = "1,2";
				TEST_HOST = "$(BUILT_PRODUCTS_DIR)/Techtagram.app/Techtagram";
			};
			name = Debug;
		};
		5E3A0C6A2032E4A9006CFA22 /* Release */ = {
			isa = XCBuildConfiguration;
			buildSettings = {
				ALWAYS_EMBED_SWIFT_STANDARD_LIBRARIES = YES;
				BUNDLE_LOADER = "$(TEST_HOST)";
				CODE_SIGN_STYLE = Automatic;
				INFOPLIST_FILE = TechtagramTests/Info.plist;
				LD_RUNPATH_SEARCH_PATHS = "$(inherited) @executable_path/Frameworks @loader_path/Frameworks";
				PRODUCT_BUNDLE_IDENTIFIER = com.litech.TechtagramTests;
				PRODUCT_NAME = "$(TARGET_NAME)";
				SWIFT_VERSION = 4.0;
				TARGETED_DEVICE_FAMILY = "1,2";
				TEST_HOST = "$(BUILT_PRODUCTS_DIR)/Techtagram.app/Techtagram";
			};
			name = Release;
		};
		5E3A0C6C2032E4A9006CFA22 /* Debug */ = {
			isa = XCBuildConfiguration;
			buildSettings = {
				ALWAYS_EMBED_SWIFT_STANDARD_LIBRARIES = YES;
				CODE_SIGN_STYLE = Automatic;
				INFOPLIST_FILE = TechtagramUITests/Info.plist;
				LD_RUNPATH_SEARCH_PATHS = "$(inherited) @executable_path/Frameworks @loader_path/Frameworks";
				PRODUCT_BUNDLE_IDENTIFIER = com.litech.TechtagramUITests;
				PRODUCT_NAME = "$(TARGET_NAME)";
				SWIFT_VERSION = 4.0;
				TARGETED_DEVICE_FAMILY = "1,2";
				TEST_TARGET_NAME = Techtagram;
			};
			name = Debug;
		};
		5E3A0C6D2032E4A9006CFA22 /* Release */ = {
			isa = XCBuildConfiguration;
			buildSettings = {
				ALWAYS_EMBED_SWIFT_STANDARD_LIBRARIES = YES;
				CODE_SIGN_STYLE = Automatic;
				INFOPLIST_FILE = TechtagramUITests/Info.plist;
				LD_RUNPATH_SEARCH_PATHS = "$(inherited) @executable_path/Frameworks @loader_path/Frameworks";
				PRODUCT_BUNDLE_IDENTIFIER = com.litech.TechtagramUITests;
				PRODUCT_NAME = "$(TARGET_NAME)";
				SWIFT_VERSION = 4.0;
				TARGETED_DEVICE_FAMILY = "1,2";
				TEST_TARGET_NAME = Techtagram;
			};
			name = Release;
		};
/* End XCBuildConfiguration section */

/* Begin XCConfigurationList section */
		5E3A0C382032E4A8006CFA22 /* Build configuration list for PBXProject "Techtagram" */ = {
			isa = XCConfigurationList;
			buildConfigurations = (
				5E3A0C632032E4A9006CFA22 /* Debug */,
				5E3A0C642032E4A9006CFA22 /* Release */,
			);
			defaultConfigurationIsVisible = 0;
			defaultConfigurationName = Release;
		};
		5E3A0C652032E4A9006CFA22 /* Build configuration list for PBXNativeTarget "Techtagram" */ = {
			isa = XCConfigurationList;
			buildConfigurations = (
				5E3A0C662032E4A9006CFA22 /* Debug */,
				5E3A0C672032E4A9006CFA22 /* Release */,
			);
			defaultConfigurationIsVisible = 0;
			defaultConfigurationName = Release;
		};
		5E3A0C682032E4A9006CFA22 /* Build configuration list for PBXNativeTarget "TechtagramTests" */ = {
			isa = XCConfigurationList;
			buildConfigurations = (
				5E3A0C692032E4A9006CFA22 /* Debug */,
				5E3A0C6A2032E4A9006CFA22 /* Release */,
			);
			defaultConfigurationIsVisible = 0;
			defaultConfigurationName = Release;
		};
		5E3A0C6B2032E4A9006CFA22 /* Build configuration list for PBXNativeTarget "TechtagramUITests" */ = {
			isa = XCConfigurationList;
			buildConfigurations = (
				5E3A0C6C2032E4A9006CFA22 /* Debug */,
				5E3A0C6D2032E4A9006CFA22 /* Release */,
			);
			defaultConfigurationIsVisible = 0;
			defaultConfigurationName = Release;
		};
/* End XCConfigurationList section */
	};
	rootObject = 5E3A0C352032E4A8006CFA22 /* Project object */;
}
